hash: 4dd544db5dd6a11025493e30787e948d7bc60d6caeea99e8e1778c45a487b2cb
updated: 2016-07-20T06:25:43.195396077+08:00
imports:
- name: github.com/lib/pq
  version: 4dd446efc17690bc53e154025146f73203b18309
  subpackages:
  - oid
- name: gopkg.in/yaml.v2
  version: e4d366fc3c7938e2958e662b4258c7a89e1f0e3e
testImports: []
